
Microsoft Visual Studio Solution File, Format Version 10.00
# Visual Studio 2008
Project("{8BC9CEB8-8B4A-11D0-8D11-00A0C91BC942}") = "MabinogiResource", "MabinogiResource\MabinogiResource.vcproj", "{5DB35E93-8DFB-44BB-8A20-29581A2CA995}"
EndProject
Project("{8BC9CEB8-8B4A-11D0-8D11-00A0C91BC942}") = "MabinogiResourceTest", "MabinogiResourceTest\MabinogiResourceTest.vcproj", "{40C0ED62-14C4-44E7-B08A-498987D86C28}"
	ProjectSection(ProjectDependencies) = postProject
		{5DB35E93-8DFB-44BB-8A20-29581A2CA995} = {5DB35E93-8DFB-44BB-8A20-29581A2CA995}
	EndProjectSection
EndProject
Global
	GlobalSection(SubversionScc) = preSolution
		Svn-Managed = True
		Manager = AnkhSVN - Subversion Support for Visual Studio
	EndGlobalSection
	GlobalSection(SolutionConfigurationPlatforms) = preSolution
		Debug|Win32 = Debug|Win32
		Release|Win32 = Release|Win32
	EndGlobalSection
	GlobalSection(ProjectConfigurationPlatforms) = postSolution
		{5DB35E93-8DFB-44BB-8A20-29581A2CA995}.Debug|Win32.ActiveCfg = Debug|Win32
		{5DB35E93-8DFB-44BB-8A20-29581A2CA995}.Debug|Win32.Build.0 = Debug|Win32
		{5DB35E93-8DFB-44BB-8A20-29581A2CA995}.Release|Win32.ActiveCfg = Release|Win32
		{5DB35E93-8DFB-44BB-8A20-29581A2CA995}.Release|Win32.Build.0 = Release|Win32
		{40C0ED62-14C4-44E7-B08A-498987D86C28}.Debug|Win32.ActiveCfg = Debug|Win32
		{40C0ED62-14C4-44E7-B08A-498987D86C28}.Debug|Win32.Build.0 = Debug|Win32
		{40C0ED62-14C4-44E7-B08A-498987D86C28}.Release|Win32.ActiveCfg = Release|Win32
		{40C0ED62-14C4-44E7-B08A-498987D86C28}.Release|Win32.Build.0 = Release|Win32
	EndGlobalSection
	GlobalSection(SolutionProperties) = preSolution
		HideSolutionNode = FALSE
	EndGlobalSection
EndGlobal
